
Microsoft Visual Studio Solution File, Format Version 12.00
# Visual Studio 2012
Project("{FAE04EC0-301F-11D3-BF4B-00C04F79EFBC}") = "AppCenter.UITest.iOS", "AppCenter.UITest.iOS\AppCenter.UITest.iOS.csproj", "{764CE893-AF50-456A-8263-2675A94D96DF}"
EndProject
Global
	GlobalSection(SolutionConfigurationPlatforms) = preSolution
		Debug|Any CPU = Debug|Any CPU
		Release|Any CPU = Release|Any CPU
	EndGlobalSection
	GlobalSection(ProjectConfigurationPlatforms) = postSolution
		{764CE893-AF50-456A-8263-2675A94D96DF}.Debug|Any CPU.ActiveCfg = Debug|Any CPU
		{764CE893-AF50-456A-8263-2675A94D96DF}.Debug|Any CPU.Build.0 = Debug|Any CPU
		{764CE893-AF50-456A-8263-2675A94D96DF}.Release|Any CPU.ActiveCfg = Release|Any CPU
		{764CE893-AF50-456A-8263-2675A94D96DF}.Release|Any CPU.Build.0 = Release|Any CPU
	EndGlobalSection
EndGlobal
